# This file is automatically @generated by Poetry 1.8.3 and should not be changed by hand.

[[package]]
name = "aiofiles"
version = "23.2.1"
description = "File support for asyncio."
optional = false
python-versions = ">=3.7"
files = [
    {file = "aiofiles-23.2.1-py3-none-any.whl", hash = "sha256:19297512c647d4b27a2cf7c34caa7e405c0d60b5560618a29a9fe027b18b0107"},
    {file = "aiofiles-23.2.1.tar.gz", hash = "sha256:84ec2218d8419404abcb9f0c02df3f34c6e0a68ed41072acfb1cef5cbc29051a"},
]

[[package]]
name = "jsoner"
version = "0.1.0"
description = ""
optional = false
python-versions = "^3.11"
files = []
develop = false

[package.dependencies]
aiofiles = "^23.2.1"
tooler = {git = "https://github.com/trojvn/tooler.git"}

[package.source]
type = "git"
url = "https://github.com/trojvn/jsoner.git"
reference = "HEAD"
resolved_reference = "57c51859a4de486788cf02c6f55a902bfe3e591f"

[[package]]
name = "tooler"
version = "0.5.0"
description = ""
optional = false
python-versions = "^3.11"
files = []
develop = false

[package.source]
type = "git"
url = "https://github.com/trojvn/tooler.git"
reference = "HEAD"
resolved_reference = "17bdefd2e5345ba72a3a645d270fb2e29930f621"

[metadata]
lock-version = "2.0"
python-versions = "^3.11"
content-hash = "4263b0dd3689eb39320b624486cb052b5a378239fad82613717ddc2f481efce4"
