# This file is automatically @generated by Poetry 1.7.1 and should not be changed by hand.

[[package]]
name = "aiofiles"
version = "23.2.1"
description = "File support for asyncio."
optional = false
python-versions = ">=3.7"
files = [
    {file = "aiofiles-23.2.1-py3-none-any.whl", hash = "sha256:19297512c647d4b27a2cf7c34caa7e405c0d60b5560618a29a9fe027b18b0107"},
    {file = "aiofiles-23.2.1.tar.gz", hash = "sha256:84ec2218d8419404abcb9f0c02df3f34c6e0a68ed41072acfb1cef5cbc29051a"},
]

[[package]]
name = "jsoner"
version = "0.1.0"
description = ""
optional = false
python-versions = "^3.11"
files = []
develop = false

[package.dependencies]
aiofiles = "^23.2.1"
tooler = {git = "https://gitlab.yuharan.ru/mrx/tooler.git"}

[package.source]
type = "git"
url = "https://gitlab.yuharan.ru/mrx/jsoner.git"
reference = "HEAD"
resolved_reference = "585ddf83a9dd3f7b614a6426e5064e4f44fd3728"

[[package]]
name = "tooler"
version = "0.4.0"
description = ""
optional = false
python-versions = "^3.11"
files = []
develop = false

[package.source]
type = "git"
url = "https://gitlab.yuharan.ru/mrx/tooler.git"
reference = "HEAD"
resolved_reference = "9eefa0b8e973fc3be7fdd2995704288bbf9495af"

[metadata]
lock-version = "2.0"
python-versions = "^3.11"
content-hash = "2b4b2bee1527d1d63c430ef1cf2445c4574818f1191f473bc250d553e2104c83"
